
Microsoft Visual Studio Solution File, Format Version 12.00
# Visual Studio Version 16
VisualStudioVersion = 16.0.30804.86
MinimumVisualStudioVersion = 10.0.40219.1
Project("{FAE04EC0-301F-11D3-BF4B-00C04F79EFBC}") = "Catalogo", "Catalogo\Catalogo.csproj", "{47CF6DC6-D5B7-4CDE-87BB-2D5F4DC208E3}"
EndProject
Global
	GlobalSection(SolutionConfigurationPlatforms) = preSolution
		Debug|Any CPU = Debug|Any CPU
		Release|Any CPU = Release|Any CPU
	EndGlobalSection
	GlobalSection(ProjectConfigurationPlatforms) = postSolution
		{47CF6DC6-D5B7-4CDE-87BB-2D5F4DC208E3}.Debug|Any CPU.ActiveCfg = Debug|Any CPU
		{47CF6DC6-D5B7-4CDE-87BB-2D5F4DC208E3}.Debug|Any CPU.Build.0 = Debug|Any CPU
		{47CF6DC6-D5B7-4CDE-87BB-2D5F4DC208E3}.Release|Any CPU.ActiveCfg = Release|Any CPU
		{47CF6DC6-D5B7-4CDE-87BB-2D5F4DC208E3}.Release|Any CPU.Build.0 = Release|Any CPU
	EndGlobalSection
	GlobalSection(SolutionProperties) = preSolution
		HideSolutionNode = FALSE
	EndGlobalSection
	GlobalSection(ExtensibilityGlobals) = postSolution
		SolutionGuid = {F8437169-B72D-4D6C-85CA-BF399086CC48}
	EndGlobalSection
EndGlobal
